
Microsoft Visual Studio Solution File, Format Version 12.00
# Visual Studio 15
VisualStudioVersion = 15.0.26730.15
MinimumVisualStudioVersion = 10.0.40219.1
Project("{FAE04EC0-301F-11D3-BF4B-00C04F79EFBC}") = "TiposVarios", "TiposVarios\TiposVarios.csproj", "{33C1C0AD-4417-47AC-81C5-4979944F93B1}"
EndProject
Global
	GlobalSection(SolutionConfigurationPlatforms) = preSolution
		Debug|Any CPU = Debug|Any CPU
		Release|Any CPU = Release|Any CPU
	EndGlobalSection
	GlobalSection(ProjectConfigurationPlatforms) = postSolution
		{33C1C0AD-4417-47AC-81C5-4979944F93B1}.Debug|Any CPU.ActiveCfg = Debug|Any CPU
		{33C1C0AD-4417-47AC-81C5-4979944F93B1}.Debug|Any CPU.Build.0 = Debug|Any CPU
		{33C1C0AD-4417-47AC-81C5-4979944F93B1}.Release|Any CPU.ActiveCfg = Release|Any CPU
		{33C1C0AD-4417-47AC-81C5-4979944F93B1}.Release|Any CPU.Build.0 = Release|Any CPU
	EndGlobalSection
	GlobalSection(SolutionProperties) = preSolution
		HideSolutionNode = FALSE
	EndGlobalSection
	GlobalSection(ExtensibilityGlobals) = postSolution
		SolutionGuid = {A386666B-30AC-481E-B8B0-CA44DF8A1878}
	EndGlobalSection
EndGlobal
